
Microsoft Visual Studio Solution File, Format Version 12.00
# Visual Studio Version 16
VisualStudioVersion = 16.0.31129.286
MinimumVisualStudioVersion = 10.0.40219.1
Project("{FAE04EC0-301F-11D3-BF4B-00C04F79EFBC}") = "EmpleadosApi", "EmpleadosApi\EmpleadosApi.csproj", "{86160F6D-D39B-413A-A038-3F12291007E4}"
EndProject
Project("{FAE04EC0-301F-11D3-BF4B-00C04F79EFBC}") = "Entities", "Entities\Entities.csproj", "{1E4062EC-881B-4705-9B72-B2C3575A336F}"
EndProject
Project("{FAE04EC0-301F-11D3-BF4B-00C04F79EFBC}") = "DataLayer", "DataLayer\DataLayer.csproj", "{3BD6952C-626A-42EA-AC28-8EFD43867B0A}"
EndProject
Global
	GlobalSection(SolutionConfigurationPlatforms) = preSolution
		Debug|Any CPU = Debug|Any CPU
		Release|Any CPU = Release|Any CPU
	EndGlobalSection
	GlobalSection(ProjectConfigurationPlatforms) = postSolution
		{86160F6D-D39B-413A-A038-3F12291007E4}.Debug|Any CPU.ActiveCfg = Debug|Any CPU
		{86160F6D-D39B-413A-A038-3F12291007E4}.Debug|Any CPU.Build.0 = Debug|Any CPU
		{86160F6D-D39B-413A-A038-3F12291007E4}.Release|Any CPU.ActiveCfg = Release|Any CPU
		{86160F6D-D39B-413A-A038-3F12291007E4}.Release|Any CPU.Build.0 = Release|Any CPU
		{1E4062EC-881B-4705-9B72-B2C3575A336F}.Debug|Any CPU.ActiveCfg = Debug|Any CPU
		{1E4062EC-881B-4705-9B72-B2C3575A336F}.Debug|Any CPU.Build.0 = Debug|Any CPU
		{1E4062EC-881B-4705-9B72-B2C3575A336F}.Release|Any CPU.ActiveCfg = Release|Any CPU
		{1E4062EC-881B-4705-9B72-B2C3575A336F}.Release|Any CPU.Build.0 = Release|Any CPU
		{3BD6952C-626A-42EA-AC28-8EFD43867B0A}.Debug|Any CPU.ActiveCfg = Debug|Any CPU
		{3BD6952C-626A-42EA-AC28-8EFD43867B0A}.Debug|Any CPU.Build.0 = Debug|Any CPU
		{3BD6952C-626A-42EA-AC28-8EFD43867B0A}.Release|Any CPU.ActiveCfg = Release|Any CPU
		{3BD6952C-626A-42EA-AC28-8EFD43867B0A}.Release|Any CPU.Build.0 = Release|Any CPU
	EndGlobalSection
	GlobalSection(SolutionProperties) = preSolution
		HideSolutionNode = FALSE
	EndGlobalSection
	GlobalSection(ExtensibilityGlobals) = postSolution
		SolutionGuid = {406E5AA5-F04A-4F5E-98EC-7D83DE348320}
	EndGlobalSection
EndGlobal
